
Microsoft Visual Studio Solution File, Format Version 12.00
# Visual Studio Version 16
VisualStudioVersion = 16.0.31321.278
MinimumVisualStudioVersion = 10.0.40219.1
Project("{FAE04EC0-301F-11D3-BF4B-00C04F79EFBC}") = "SnakeGame", "SnakeGame\SnakeGame.csproj", "{A81D43AB-D110-4DBE-BA59-93E29812C202}"
EndProject
Global
	GlobalSection(SolutionConfigurationPlatforms) = preSolution
		Debug|Any CPU = Debug|Any CPU
		Release|Any CPU = Release|Any CPU
	EndGlobalSection
	GlobalSection(ProjectConfigurationPlatforms) = postSolution
		{A81D43AB-D110-4DBE-BA59-93E29812C202}.Debug|Any CPU.ActiveCfg = Debug|Any CPU
		{A81D43AB-D110-4DBE-BA59-93E29812C202}.Debug|Any CPU.Build.0 = Debug|Any CPU
		{A81D43AB-D110-4DBE-BA59-93E29812C202}.Release|Any CPU.ActiveCfg = Release|Any CPU
		{A81D43AB-D110-4DBE-BA59-93E29812C202}.Release|Any CPU.Build.0 = Release|Any CPU
	EndGlobalSection
	GlobalSection(SolutionProperties) = preSolution
		HideSolutionNode = FALSE
	EndGlobalSection
	GlobalSection(ExtensibilityGlobals) = postSolution
		SolutionGuid = {6C45E67A-AB20-41A8-92FC-CC6AE981857F}
	EndGlobalSection
EndGlobal
